
Microsoft Visual Studio Solution File, Format Version 12.00
# Visual Studio Version 17
VisualStudioVersion = 17.9.34701.34
MinimumVisualStudioVersion = 10.0.40219.1
Project("{FAE04EC0-301F-11D3-BF4B-00C04F79EFBC}") = "BillionBankTransaction", "BillionBankTransaction.csproj", "{EB40E647-37E2-428F-86D7-627D0C45CFF1}"
EndProject
Global
	GlobalSection(SolutionConfigurationPlatforms) = preSolution
		Debug|Any CPU = Debug|Any CPU
		Release|Any CPU = Release|Any CPU
	EndGlobalSection
	GlobalSection(ProjectConfigurationPlatforms) = postSolution
		{EB40E647-37E2-428F-86D7-627D0C45CFF1}.Debug|Any CPU.ActiveCfg = Debug|Any CPU
		{EB40E647-37E2-428F-86D7-627D0C45CFF1}.Debug|Any CPU.Build.0 = Debug|Any CPU
		{EB40E647-37E2-428F-86D7-627D0C45CFF1}.Release|Any CPU.ActiveCfg = Release|Any CPU
		{EB40E647-37E2-428F-86D7-627D0C45CFF1}.Release|Any CPU.Build.0 = Release|Any CPU
	EndGlobalSection
	GlobalSection(SolutionProperties) = preSolution
		HideSolutionNode = FALSE
	EndGlobalSection
	GlobalSection(ExtensibilityGlobals) = postSolution
		SolutionGuid = {489D3E06-6949-4100-A55B-EED016A9C384}
	EndGlobalSection
EndGlobal
